// !$*UTF8*$!
{
	archiveVersion = 1;
	classes = {
	};
	objectVersion = 44;
	objects = {

/* Begin PBXBuildFile section */
		482ECE680D621A010032A97C /* CoreServices.framework in Frameworks */ = {isa = PBXBuildFile; fileRef = 482ECE670D621A010032A97C /* CoreServices.framework */; };
		485A6C010D5D7F740090927F /* SSLoginItemsDemo.m in Sources */ = {isa = PBXBuildFile; fileRef = 485A6C000D5D7F740090927F /* SSLoginItemsDemo.m */; };
		48BB33DF0DCA699D00886189 /* SSYLoginItems.m in Sources */ = {isa = PBXBuildFile; fileRef = 48BB33DE0DCA699D00886189 /* SSYLoginItems.m */; };
		48D390D6106DE44D00DC52C3 /* NSError+LowLevel.m in Sources */ = {isa = PBXBuildFile; fileRef = 48D390D5106DE44D00DC52C3 /* NSError+LowLevel.m */; };
		8DD76F9C0486AA7600D96B5E /* Foundation.framework in Frameworks */ = {isa = PBXBuildFile; fileRef = 08FB779EFE84155DC02AAC07 /* Foundation.framework */; };
/* End PBXBuildFile section */

/* Begin PBXCopyFilesBuildPhase section */
		8DD76F9E0486AA7600D96B5E /* CopyFiles */ = {
			isa = PBXCopyFilesBuildPhase;
			buildActionMask = 8;
			dstPath = /usr/share/man/man1/;
			dstSubfolderSpec = 0;
			files = (
			);
			runOnlyForDeploymentPostprocessing = 1;
		};
/* End PBXCopyFilesBuildPhase section */

/* Begin PBXFileReference section */
		08FB779EFE84155DC02AAC07 /* Foundation.framework */ = {isa = PBXFileReference; lastKnownFileType = wrapper.framework; name = Foundation.framework; path = /System/Library/Frameworks/Foundation.framework; sourceTree = "<absolute>"; };
		32A70AAB03705E1F00C91783 /* SSLoginItems_Prefix.pch */ = {isa = PBXFileReference; fileEncoding = 4; lastKnownFileType = sourcecode.c.h; path = SSLoginItems_Prefix.pch; sourceTree = "<group>"; };
		482ECE670D621A010032A97C /* CoreServices.framework */ = {isa = PBXFileReference; lastKnownFileType = wrapper.framework; name = CoreServices.framework; path = /System/Library/Frameworks/CoreServices.framework; sourceTree = "<absolute>"; };
		485A6C000D5D7F740090927F /* SSLoginItemsDemo.m */ = {isa = PBXFileReference; fileEncoding = 4; lastKnownFileType = sourcecode.c.objc; path = SSLoginItemsDemo.m; sourceTree = "<group>"; };
		489A114F103C3B7D00EF78EF /* SSYLoginItems Documentation.webarchive */ = {isa = PBXFileReference; lastKnownFileType = file.bplist; path = "SSYLoginItems Documentation.webarchive"; sourceTree = "<group>"; };
		48BB33DD0DCA699D00886189 /* SSYLoginItems.h */ = {isa = PBXFileReference; fileEncoding = 4; lastKnownFileType = sourcecode.c.h; path = SSYLoginItems.h; sourceTree = "<group>"; };
		48BB33DE0DCA699D00886189 /* SSYLoginItems.m */ = {isa = PBXFileReference; fileEncoding = 4; lastKnownFileType = sourcecode.c.objc; path = SSYLoginItems.m; sourceTree = "<group>"; };
		48C51B380F2B7E7B003DF693 /* License.txt */ = {isa = PBXFileReference; fileEncoding = 4; lastKnownFileType = text; path = License.txt; sourceTree = "<group>"; wrapsLines = 1; };
		48D390D4106DE44D00DC52C3 /* NSError+LowLevel.h */ = {isa = PBXFileReference; fileEncoding = 4; lastKnownFileType = sourcecode.c.h; path = "NSError+LowLevel.h"; sourceTree = "<group>"; };
		48D390D5106DE44D00DC52C3 /* NSError+LowLevel.m */ = {isa = PBXFileReference; fileEncoding = 4; lastKnownFileType = sourcecode.c.objc; path = "NSError+LowLevel.m"; sourceTree = "<group>"; };
		8DD76FA10486AA7600D96B5E /* SSLoginItems */ = {isa = PBXFileReference; explicitFileType = "compiled.mach-o.executable"; includeInIndex = 0; path = SSLoginItems; sourceTree = BUILT_PRODUCTS_DIR; };
/* End PBXFileReference section */

/* Begin PBXFrameworksBuildPhase section */
		8DD76F9B0486AA7600D96B5E /* Frameworks */ = {
			isa = PBXFrameworksBuildPhase;
			buildActionMask = 2147483647;
			files = (
				8DD76F9C0486AA7600D96B5E /* Foundation.framework in Frameworks */,
				482ECE680D621A010032A97C /* CoreServices.framework in Frameworks */,
			);
			runOnlyForDeploymentPostprocessing = 0;
		};
/* End PBXFrameworksBuildPhase section */

/* Begin PBXGroup section */
		08FB7794FE84155DC02AAC07 /* SSLoginItems */ = {
			isa = PBXGroup;
			children = (
				489A114F103C3B7D00EF78EF /* SSYLoginItems Documentation.webarchive */,
				48C51B380F2B7E7B003DF693 /* License.txt */,
				08FB7795FE84155DC02AAC07 /* Reuseable Source Code */,
				48EBCE4F0DC98647002698DA /* Demo App Source Code */,
				08FB779DFE84155DC02AAC07 /* External Frameworks and Libraries */,
				1AB674ADFE9D54B511CA2CBB /* Products */,
			);
			name = SSLoginItems;
			sourceTree = "<group>";
		};
		08FB7795FE84155DC02AAC07 /* Reuseable Source Code */ = {
			isa = PBXGroup;
			children = (
				48D390D4106DE44D00DC52C3 /* NSError+LowLevel.h */,
				48D390D5106DE44D00DC52C3 /* NSError+LowLevel.m */,
				48BB33DD0DCA699D00886189 /* SSYLoginItems.h */,
				48BB33DE0DCA699D00886189 /* SSYLoginItems.m */,
			);
			name = "Reuseable Source Code";
			sourceTree = "<group>";
		};
		08FB779DFE84155DC02AAC07 /* External Frameworks and Libraries */ = {
			isa = PBXGroup;
			children = (
				482ECE670D621A010032A97C /* CoreServices.framework */,
				08FB779EFE84155DC02AAC07 /* Foundation.framework */,
			);
			name = "External Frameworks and Libraries";
			sourceTree = "<group>";
		};
		1AB674ADFE9D54B511CA2CBB /* Products */ = {
			isa = PBXGroup;
			children = (
				8DD76FA10486AA7600D96B5E /* SSLoginItems */,
			);
			name = Products;
			sourceTree = "<group>";
		};
		48EBCE4F0DC98647002698DA /* Demo App Source Code */ = {
			isa = PBXGroup;
			children = (
				32A70AAB03705E1F00C91783 /* SSLoginItems_Prefix.pch */,
				485A6C000D5D7F740090927F /* SSLoginItemsDemo.m */,
			);
			name = "Demo App Source Code";
			sourceTree = "<group>";
		};
/* End PBXGroup section */

/* Begin PBXNativeTarget section */
		8DD76F960486AA7600D96B5E /* SSLoginItems */ = {
			isa = PBXNativeTarget;
			buildConfigurationList = 1DEB927408733DD40010E9CD /* Build configuration list for PBXNativeTarget "SSLoginItems" */;
			buildPhases = (
				8DD76F990486AA7600D96B5E /* Sources */,
				8DD76F9B0486AA7600D96B5E /* Frameworks */,
				8DD76F9E0486AA7600D96B5E /* CopyFiles */,
			);
			buildRules = (
			);
			dependencies = (
			);
			name = SSLoginItems;
			productInstallPath = "$(HOME)/bin";
			productName = SSLoginItems;
			productReference = 8DD76FA10486AA7600D96B5E /* SSLoginItems */;
			productType = "com.apple.product-type.tool";
		};
/* End PBXNativeTarget section */

/* Begin PBXProject section */
		08FB7793FE84155DC02AAC07 /* Project object */ = {
			isa = PBXProject;
			buildConfigurationList = 1DEB927808733DD40010E9CD /* Build configuration list for PBXProject "SSYLoginItems" */;
			compatibilityVersion = "Xcode 3.0";
			hasScannedForEncodings = 1;
			mainGroup = 08FB7794FE84155DC02AAC07 /* SSLoginItems */;
			projectDirPath = "";
			projectRoot = "";
			targets = (
				8DD76F960486AA7600D96B5E /* SSLoginItems */,
			);
		};
/* End PBXProject section */

/* Begin PBXSourcesBuildPhase section */
		8DD76F990486AA7600D96B5E /* Sources */ = {
			isa = PBXSourcesBuildPhase;
			buildActionMask = 2147483647;
			files = (
				485A6C010D5D7F740090927F /* SSLoginItemsDemo.m in Sources */,
				48BB33DF0DCA699D00886189 /* SSYLoginItems.m in Sources */,
				48D390D6106DE44D00DC52C3 /* NSError+LowLevel.m in Sources */,
			);
			runOnlyForDeploymentPostprocessing = 0;
		};
/* End PBXSourcesBuildPhase section */

/* Begin XCBuildConfiguration section */
		1DEB927508733DD40010E9CD /* Debug */ = {
			isa = XCBuildConfiguration;
			buildSettings = {
				COPY_PHASE_STRIP = NO;
				GCC_DYNAMIC_NO_PIC = NO;
				GCC_ENABLE_FIX_AND_CONTINUE = YES;
				GCC_MODEL_TUNING = G5;
				GCC_OPTIMIZATION_LEVEL = 0;
				GCC_PRECOMPILE_PREFIX_HEADER = YES;
				GCC_PREFIX_HEADER = SSLoginItems_Prefix.pch;
				INSTALL_PATH = /usr/local/bin;
				PRODUCT_NAME = SSLoginItems;
				ZERO_LINK = YES;
			};
			name = Debug;
		};
		1DEB927608733DD40010E9CD /* Release */ = {
			isa = XCBuildConfiguration;
			buildSettings = {
				DEBUG_INFORMATION_FORMAT = "dwarf-with-dsym";
				GCC_MODEL_TUNING = G5;
				GCC_PRECOMPILE_PREFIX_HEADER = YES;
				GCC_PREFIX_HEADER = SSLoginItems_Prefix.pch;
				INSTALL_PATH = /usr/local/bin;
				PRODUCT_NAME = SSLoginItems;
			};
			name = Release;
		};
		1DEB927908733DD40010E9CD /* Debug */ = {
			isa = XCBuildConfiguration;
			buildSettings = {
				GCC_WARN_ABOUT_RETURN_TYPE = YES;
				GCC_WARN_UNUSED_VARIABLE = YES;
				PREBINDING = NO;
				SDKROOT = "$(DEVELOPER_SDK_DIR)/MacOSX10.5.sdk";
			};
			name = Debug;
		};
		1DEB927A08733DD40010E9CD /* Release */ = {
			isa = XCBuildConfiguration;
			buildSettings = {
				ARCHS = (
					ppc,
					i386,
				);
				GCC_WARN_ABOUT_RETURN_TYPE = YES;
				GCC_WARN_UNUSED_VARIABLE = YES;
				PREBINDING = NO;
				SDKROOT = "$(DEVELOPER_SDK_DIR)/MacOSX10.5.sdk";
			};
			name = Release;
		};
/* End XCBuildConfiguration section */

/* Begin XCConfigurationList section */
		1DEB927408733DD40010E9CD /* Build configuration list for PBXNativeTarget "SSLoginItems" */ = {
			isa = XCConfigurationList;
			buildConfigurations = (
				1DEB927508733DD40010E9CD /* Debug */,
				1DEB927608733DD40010E9CD /* Release */,
			);
			defaultConfigurationIsVisible = 0;
			defaultConfigurationName = Release;
		};
		1DEB927808733DD40010E9CD /* Build configuration list for PBXProject "SSYLoginItems" */ = {
			isa = XCConfigurationList;
			buildConfigurations = (
				1DEB927908733DD40010E9CD /* Debug */,
				1DEB927A08733DD40010E9CD /* Release */,
			);
			defaultConfigurationIsVisible = 0;
			defaultConfigurationName = Release;
		};
/* End XCConfigurationList section */
	};
	rootObject = 08FB7793FE84155DC02AAC07 /* Project object */;
}
